
Microsoft Visual Studio Solution File, Format Version 12.00
# Visual Studio Version 17
VisualStudioVersion = 17.6.33801.468
MinimumVisualStudioVersion = 10.0.40219.1
Project("{FAE04EC0-301F-11D3-BF4B-00C04F79EFBC}") = "AppSistemaVentas", "AppSistemaVentas\AppSistemaVentas.csproj", "{09E232B1-2020-4C80-99EC-26D5E26563DE}"
EndProject
Global
	GlobalSection(SolutionConfigurationPlatforms) = preSolution
		Debug|Any CPU = Debug|Any CPU
		Release|Any CPU = Release|Any CPU
	EndGlobalSection
	GlobalSection(ProjectConfigurationPlatforms) = postSolution
		{09E232B1-2020-4C80-99EC-26D5E26563DE}.Debug|Any CPU.ActiveCfg = Debug|Any CPU
		{09E232B1-2020-4C80-99EC-26D5E26563DE}.Debug|Any CPU.Build.0 = Debug|Any CPU
		{09E232B1-2020-4C80-99EC-26D5E26563DE}.Release|Any CPU.ActiveCfg = Release|Any CPU
		{09E232B1-2020-4C80-99EC-26D5E26563DE}.Release|Any CPU.Build.0 = Release|Any CPU
	EndGlobalSection
	GlobalSection(SolutionProperties) = preSolution
		HideSolutionNode = FALSE
	EndGlobalSection
	GlobalSection(ExtensibilityGlobals) = postSolution
		SolutionGuid = {7E54408F-E3A1-46C2-AF9B-32FA495FD2B9}
	EndGlobalSection
EndGlobal
